
Microsoft Visual Studio Solution File, Format Version 12.00
# Visual Studio Version 17
VisualStudioVersion = 17.3.32922.545
MinimumVisualStudioVersion = 10.0.40219.1
Project("{9A19103F-16F7-4668-BE54-9A1E7A4F7556}") = "Character-GeneratorRPG", "Character-GeneratorRPG\Character-GeneratorRPG.csproj", "{8124E767-85CC-44AD-86E2-16C76B4951AE}"
EndProject
Project("{FAE04EC0-301F-11D3-BF4B-00C04F79EFBC}") = "ClassLibrary1", "ClassLibrary1\ClassLibrary1.csproj", "{D9239589-F3A6-4A93-BF73-E1FF8F0AE4AD}"
EndProject
Global
	GlobalSection(SolutionConfigurationPlatforms) = preSolution
		Debug|Any CPU = Debug|Any CPU
		Release|Any CPU = Release|Any CPU
	EndGlobalSection
	GlobalSection(ProjectConfigurationPlatforms) = postSolution
		{8124E767-85CC-44AD-86E2-16C76B4951AE}.Debug|Any CPU.ActiveCfg = Debug|Any CPU
		{8124E767-85CC-44AD-86E2-16C76B4951AE}.Debug|Any CPU.Build.0 = Debug|Any CPU
		{8124E767-85CC-44AD-86E2-16C76B4951AE}.Release|Any CPU.ActiveCfg = Release|Any CPU
		{8124E767-85CC-44AD-86E2-16C76B4951AE}.Release|Any CPU.Build.0 = Release|Any CPU
		{D9239589-F3A6-4A93-BF73-E1FF8F0AE4AD}.Debug|Any CPU.ActiveCfg = Debug|Any CPU
		{D9239589-F3A6-4A93-BF73-E1FF8F0AE4AD}.Debug|Any CPU.Build.0 = Debug|Any CPU
		{D9239589-F3A6-4A93-BF73-E1FF8F0AE4AD}.Release|Any CPU.ActiveCfg = Release|Any CPU
		{D9239589-F3A6-4A93-BF73-E1FF8F0AE4AD}.Release|Any CPU.Build.0 = Release|Any CPU
	EndGlobalSection
	GlobalSection(SolutionProperties) = preSolution
		HideSolutionNode = FALSE
	EndGlobalSection
	GlobalSection(ExtensibilityGlobals) = postSolution
		SolutionGuid = {003B3030-FE5E-4193-A089-79CA1836CE87}
	EndGlobalSection
EndGlobal
